
Microsoft Visual Studio Solution File, Format Version 12.00
# Visual Studio Version 16
VisualStudioVersion = 16.0.31410.357
MinimumVisualStudioVersion = 10.0.40219.1
Project("{FAE04EC0-301F-11D3-BF4B-00C04F79EFBC}") = "LabApp", "LabApp.csproj", "{C4684DDA-8E2C-4CD1-9A2D-1DE2C101163B}"
EndProject
Global
	GlobalSection(SolutionConfigurationPlatforms) = preSolution
		Debug|Any CPU = Debug|Any CPU
		Release|Any CPU = Release|Any CPU
	EndGlobalSection
	GlobalSection(ProjectConfigurationPlatforms) = postSolution
		{C4684DDA-8E2C-4CD1-9A2D-1DE2C101163B}.Debug|Any CPU.ActiveCfg = Debug|Any CPU
		{C4684DDA-8E2C-4CD1-9A2D-1DE2C101163B}.Debug|Any CPU.Build.0 = Debug|Any CPU
		{C4684DDA-8E2C-4CD1-9A2D-1DE2C101163B}.Release|Any CPU.ActiveCfg = Release|Any CPU
		{C4684DDA-8E2C-4CD1-9A2D-1DE2C101163B}.Release|Any CPU.Build.0 = Release|Any CPU
	EndGlobalSection
	GlobalSection(SolutionProperties) = preSolution
		HideSolutionNode = FALSE
	EndGlobalSection
	GlobalSection(ExtensibilityGlobals) = postSolution
		SolutionGuid = {550DBF13-C987-4739-A734-965572AC2373}
	EndGlobalSection
EndGlobal
